
Microsoft Visual Studio Solution File, Format Version 12.00
# Visual Studio Version 17
VisualStudioVersion = 17.5.33424.131
MinimumVisualStudioVersion = 10.0.40219.1
Project("{FAE04EC0-301F-11D3-BF4B-00C04F79EFBC}") = "Learn", "Learn\Learn.csproj", "{40D0574E-4693-442E-B18E-DA40CF5EE048}"
EndProject
Project("{FAE04EC0-301F-11D3-BF4B-00C04F79EFBC}") = "learn1", "learn1\learn1.csproj", "{2A532908-B239-4576-8B7F-F48AD5354B23}"
EndProject
Global
	GlobalSection(SolutionConfigurationPlatforms) = preSolution
		Debug|Any CPU = Debug|Any CPU
		Release|Any CPU = Release|Any CPU
	EndGlobalSection
	GlobalSection(ProjectConfigurationPlatforms) = postSolution
		{40D0574E-4693-442E-B18E-DA40CF5EE048}.Debug|Any CPU.ActiveCfg = Debug|Any CPU
		{40D0574E-4693-442E-B18E-DA40CF5EE048}.Debug|Any CPU.Build.0 = Debug|Any CPU
		{40D0574E-4693-442E-B18E-DA40CF5EE048}.Release|Any CPU.ActiveCfg = Release|Any CPU
		{40D0574E-4693-442E-B18E-DA40CF5EE048}.Release|Any CPU.Build.0 = Release|Any CPU
		{2A532908-B239-4576-8B7F-F48AD5354B23}.Debug|Any CPU.ActiveCfg = Debug|Any CPU
		{2A532908-B239-4576-8B7F-F48AD5354B23}.Debug|Any CPU.Build.0 = Debug|Any CPU
		{2A532908-B239-4576-8B7F-F48AD5354B23}.Release|Any CPU.ActiveCfg = Release|Any CPU
		{2A532908-B239-4576-8B7F-F48AD5354B23}.Release|Any CPU.Build.0 = Release|Any CPU
	EndGlobalSection
	GlobalSection(SolutionProperties) = preSolution
		HideSolutionNode = FALSE
	EndGlobalSection
	GlobalSection(ExtensibilityGlobals) = postSolution
		SolutionGuid = {7B35FFCE-C484-40EB-93C3-F2D1C8343BDB}
	EndGlobalSection
EndGlobal
